# This file was autogenerated by Stack.
# You should not edit this file by hand.
# For more information, please see the documentation at:
#   https://docs.haskellstack.org/en/stable/lock_files

packages:
- completed:
    hackage: language-javascript-0.6.0.11@sha256:48576021b3917fa9cb88404e6f3b216a660f14786a808de289195f75817c0a3e,3792
    pantry-tree:
      size: 2284
      sha256: d2547c2890f243fd03ca9ebf088e283ec4fa133300c385ce001cbcfc3b2d0feb
  original:
    hackage: language-javascript-0.6.0.11
snapshots:
- completed:
    size: 532177
    url: https://raw.githubusercontent.com/commercialhaskell/stackage-snapshots/master/lts/16/20.yaml
    sha256: 0e14ba5603f01e8496e8984fd84b545a012ca723f51a098c6c9d3694e404dc6d
  original:
    url: https://raw.githubusercontent.com/commercialhaskell/stackage-snapshots/master/lts/16/20.yaml
